PODS:
  - audioplayers (0.0.1):
    - Flutter
  - Flutter (1.0.0)
  - flutter_audio_recorder (0.5.2):
    - Flutter
  - path_provider (0.0.1):
    - Flutter

DEPENDENCIES:
  - audioplayers (from `.symlinks/plugins/audioplayers/ios`)
  - Flutter (from `.symlinks/flutter/ios`)
  - flutter_audio_recorder (from `.symlinks/plugins/flutter_audio_recorder/ios`)
  - path_provider (from `.symlinks/plugins/path_provider/ios`)

EXTERNAL SOURCES:
  audioplayers:
    :path: ".symlinks/plugins/audioplayers/ios"
  Flutter:
    :path: ".symlinks/flutter/ios"
  flutter_audio_recorder:
    :path: ".symlinks/plugins/flutter_audio_recorder/ios"
  path_provider:
    :path: ".symlinks/plugins/path_provider/ios"

SPEC CHECKSUMS:
  audioplayers: 84f968cea3f2deab00ec4f8ff53358b3c0b3992c
  Flutter: 0e3d915762c693b495b44d77113d4970485de6ec
  flutter_audio_recorder: a84d2689b084084d5002535beecba332023b759f
  path_provider: fb74bd0465e96b594bb3b5088ee4a4e7bb1f2a9d

PODFILE CHECKSUM: 10ae9c18d12c9ffc2275c9a159a3b1e281990db0

COCOAPODS: 1.7.5
